
Microsoft Visual Studio Solution File, Format Version 12.00
# Visual Studio Version 16
VisualStudioVersion = 16.0.28516.95
MinimumVisualStudioVersion = 10.0.40219.1
Project("{2150E333-8FDC-42A3-9474-1A3956D46DE8}") = "Messaging", "Messaging", "{4CA34E08-F32B-4049-98C9-3E3F5A1FAE84}"
EndProject
Project("{9A19103F-16F7-4668-BE54-9A1E7A4F7556}") = "COD.Platform.Messaging.UnitTest", "Platform\COD.Platform.Messaging.Test\COD.Platform.Messaging.UnitTest.csproj", "{9957E8D5-B233-4987-BA21-80F73FFEA8A8}"
EndProject
Project("{2150E333-8FDC-42A3-9474-1A3956D46DE8}") = "Platform", "Platform", "{64001B6F-0AFC-4A0B-824B-4498748146E4}"
EndProject
Project("{2150E333-8FDC-42A3-9474-1A3956D46DE8}") = "ServiceHosting", "ServiceHosting", "{D040CE67-1F4B-4C65-88CA-03679E649BD6}"
EndProject
Project("{9A19103F-16F7-4668-BE54-9A1E7A4F7556}") = "COD.Platform.ServiceHosting", "Platform\COD.Platform.ServiceHosting\COD.Platform.ServiceHosting.csproj", "{A6178376-E705-4A3F-B3F6-FD76979F6E0D}"
EndProject
Project("{2150E333-8FDC-42A3-9474-1A3956D46DE8}") = "Configuration", "Configuration", "{CBE7AB12-3F2D-45A0-A078-B5B86D285ECF}"
EndProject
Project("{9A19103F-16F7-4668-BE54-9A1E7A4F7556}") = "COD.Platform.Configuration", "Platform\COD.Platform.Configuration.Core\COD.Platform.Configuration.csproj", "{F3AD3EE8-4888-43BC-8DAC-83742C15DCCF}"
EndProject
Project("{2150E333-8FDC-42A3-9474-1A3956D46DE8}") = "Logging", "Logging", "{6B326568-D100-41AD-BFC2-88F956AB6293}"
EndProject
Project("{9A19103F-16F7-4668-BE54-9A1E7A4F7556}") = "COD.Platform.Logging", "Platform\COD.Platform.Logging.Core\COD.Platform.Logging.csproj", "{2843A130-EECC-4BCA-9C82-2BB2E3D61D8C}"
EndProject
Project("{9A19103F-16F7-4668-BE54-9A1E7A4F7556}") = "COD.Platform.Messaging.AzureServiceBus", "Platform\COD.Platform.Messaging.Azure\COD.Platform.Messaging.AzureServiceBus.csproj", "{86CF0A59-BDF1-4C9C-B1CA-48F852663EF2}"
EndProject
Project("{9A19103F-16F7-4668-BE54-9A1E7A4F7556}") = "COD.Platform.Messaging", "Platform\COD.Platform.Messaging\COD.Platform.Messaging.csproj", "{5869F9AC-926E-4EE6-9517-041FFACB80E0}"
EndProject
Project("{2150E333-8FDC-42A3-9474-1A3956D46DE8}") = "Caching", "Caching", "{60047037-9C3C-4AC7-B2FB-CAE4D3EE417B}"
EndProject
Project("{2150E333-8FDC-42A3-9474-1A3956D46DE8}") = "DataAccess", "DataAccess", "{02EAF0E3-000C-4FCF-8AE5-778555F5DF4E}"
EndProject
Project("{9A19103F-16F7-4668-BE54-9A1E7A4F7556}") = "COD.Platform.DataAccess", "Platform\COD.Platform.DataAccess\COD.Platform.DataAccess.csproj", "{2EC99CE0-F7E9-4ACD-9C69-9AB2F5E30FBE}"
EndProject
Project("{9A19103F-16F7-4668-BE54-9A1E7A4F7556}") = "COD.Platform.Messaging.Solace", "Platform\COD.Platform.Messaging.Solace\COD.Platform.Messaging.Solace.csproj", "{6972B880-76A6-45D0-B7A9-7BDDCB0BB908}"
EndProject
Project("{9A19103F-16F7-4668-BE54-9A1E7A4F7556}") = "COD.Platform.Logging.NLog", "Platform\COD.Platform.Logging.NLog\COD.Platform.Logging.NLog.csproj", "{814E6B32-9DB7-45C8-89C7-D46820873A2F}"
EndProject
Project("{2150E333-8FDC-42A3-9474-1A3956D46DE8}") = "Solace", "Solace", "{0DCF11C4-91E4-4CB8-8B28-C8FF3910EAC2}"
EndProject
Project("{9A19103F-16F7-4668-BE54-9A1E7A4F7556}") = "COD.Platform.Messaging.CLITester", "Platform\COD.Platform.Message.Solace.CLI\COD.Platform.Messaging.CLITester.csproj", "{785200E0-1345-4830-BAAF-574AF90E76D3}"
EndProject
Project("{9A19103F-16F7-4668-BE54-9A1E7A4F7556}") = "COD.Platform.Configuration.Basic", "Platform\COD.Platform.Configuration.Basic\COD.Platform.Configuration.Basic.csproj", "{78576A3F-569A-49F7-A8E4-4D7A02778314}"
EndProject
Project("{2150E333-8FDC-42A3-9474-1A3956D46DE8}") = "Azure", "Azure", "{BF6C506E-9F7E-4B99-9D3E-CC8BB3D1F348}"
EndProject
Project("{9A19103F-16F7-4668-BE54-9A1E7A4F7556}") = "COD.Platform.Messaging.MQTT", "Platform\COD.Platform.Messaging.MQTT\COD.Platform.Messaging.MQTT.csproj", "{66649E68-EEA5-428A-98E1-6CF1830FBF96}"
EndProject
Project("{2150E333-8FDC-42A3-9474-1A3956D46DE8}") = "Documentation", "Documentation", "{2771A101-28D0-487A-B68F-7C5D135A6657}"
EndProject
Project("{9A19103F-16F7-4668-BE54-9A1E7A4F7556}") = "Docs", "..\..\Documentation\Docs.csproj", "{B9AB1D0C-06EE-4D60-8000-7685CE88367D}"
EndProject
Project("{9A19103F-16F7-4668-BE54-9A1E7A4F7556}") = "COD.Platform.DataAccess.SQLServer", "Platform\COD.Platform.DataAccess.SQLServer\COD.Platform.DataAccess.SQLServer.csproj", "{A5DE5B19-9D1B-430D-8C75-699431E36C3D}"
EndProject
Project("{2150E333-8FDC-42A3-9474-1A3956D46DE8}") = "RabbitMQ", "RabbitMQ", "{85131D9C-58CE-455B-8EF1-772BBD9036F7}"
EndProject
Project("{9A19103F-16F7-4668-BE54-9A1E7A4F7556}") = "COD.Platform.Messaging.RabbitMQ", "Platform\COD.Platform.Messaging.RabbitMQ\COD.Platform.Messaging.RabbitMQ.csproj", "{6AE734FC-1CF9-4BC8-9194-3E99210C6892}"
EndProject
Project("{9A19103F-16F7-4668-BE54-9A1E7A4F7556}") = "COD.Platform.Configuration.UnitTests", "Platform\COD.Platform.Configuration.UnitTests\COD.Platform.Configuration.UnitTests.csproj", "{EE894C1A-9C58-4E7D-A7AD-EB7EC4BEB81E}"
EndProject
Project("{9A19103F-16F7-4668-BE54-9A1E7A4F7556}") = "COD.Platform.Logging.MockLogging", "Platform\COD.Platform.Logging.MockLogging\COD.Platform.Logging.MockLogging.csproj", "{548C8EEE-091F-4831-B9A5-7D5C33E92A1C}"
EndProject
Project("{9A19103F-16F7-4668-BE54-9A1E7A4F7556}") = "COD.Platform.Logging.UnitTests", "Platform\COD.Platform.Logging.UnitTests\COD.Platform.Logging.UnitTests.csproj", "{59F982E4-A284-469F-BDF1-633881860EAE}"
EndProject
Project("{2150E333-8FDC-42A3-9474-1A3956D46DE8}") = "Observability", "Observability", "{1FDBCD90-0396-460F-A8E5-F86ABBBEF1D0}"
EndProject
Project("{9A19103F-16F7-4668-BE54-9A1E7A4F7556}") = "COD.Platform.Observability.Interfaces", "Platform\COD.Platform.Observability.Interfaces\COD.Platform.Observability.Interfaces.csproj", "{7E7A048D-F876-450E-B062-4D56F379F178}"
EndProject
Project("{9A19103F-16F7-4668-BE54-9A1E7A4F7556}") = "COD.Platform.Observability.Core", "Platform\COD.Platform.Observability.Core\COD.Platform.Observability.Core.csproj", "{2DF8CF4A-1EF5-4D9F-9AE2-538BFFDB0E8B}"
EndProject
Project("{2150E333-8FDC-42A3-9474-1A3956D46DE8}") = "Kafka", "Kafka", "{1AEFCEFE-C758-4377-83D4-6DE4E6640CB4}"
EndProject
Project("{9A19103F-16F7-4668-BE54-9A1E7A4F7556}") = "COD.Platform.Messaging.Kafka", "Platform\COD.Platform.Messaging.Kafka\COD.Platform.Messaging.Kafka.csproj", "{8786924A-353A-4F23-A79F-EB0E641630D9}"
EndProject
Project("{2150E333-8FDC-42A3-9474-1A3956D46DE8}") = "Framework", "Framework", "{FAC12381-3249-4D3F-8A2C-88549F80EE61}"
EndProject
Project("{9A19103F-16F7-4668-BE54-9A1E7A4F7556}") = "COD.Platform.Framework", "Platform\COD.Platform.Framework\COD.Platform.Framework.csproj", "{FD5F6428-6059-42EF-AC2C-D1D02BB70BA3}"
EndProject
Project("{9A19103F-16F7-4668-BE54-9A1E7A4F7556}") = "COD.Platform.Framework.UnitTest", "Platform\COD.Platform.Framework.UnitTest\COD.Platform.Framework.UnitTest.csproj", "{2C8BC55B-C0F0-48B8-B1D8-66B6A0A73165}"
EndProject
Project("{9A19103F-16F7-4668-BE54-9A1E7A4F7556}") = "COD.Platform.Logging.Logzio", "Platform\COD.Platform.Logging.Logzio\COD.Platform.Logging.Logzio.csproj", "{F46B44F6-CB03-401F-B364-466B2E78121C}"
EndProject
Project("{9A19103F-16F7-4668-BE54-9A1E7A4F7556}") = "COD.Platform.Messaging.EventGrid", "Platform\COD.Platform.Messaging.EventGrid\COD.Platform.Messaging.EventGrid.csproj", "{BC9D861C-7D43-4F56-AD07-5AC77BFD7CE5}"
EndProject
Project("{9A19103F-16F7-4668-BE54-9A1E7A4F7556}") = "COD.Platform.DataAccess.UnitTests", "Platform\COD.Platform.DataAccess.UnitTests\COD.Platform.DataAccess.UnitTests.csproj", "{34A40235-939E-47B2-B29D-2BE6597D1DFE}"
EndProject
Project("{FAE04EC0-301F-11D3-BF4B-00C04F79EFBC}") = "COD.Platform.Framework.TestConsole", "Platform\COD.Platform.Framework.TestConsole\COD.Platform.Framework.TestConsole.csproj", "{16CBA2D1-3AD0-4159-A5B9-0D775FCB586B}"
EndProject
Global
	GlobalSection(SolutionConfigurationPlatforms) = preSolution
		Debug|Any CPU = Debug|Any CPU
		Release|Any CPU = Release|Any CPU
	EndGlobalSection
	GlobalSection(ProjectConfigurationPlatforms) = postSolution
		{9957E8D5-B233-4987-BA21-80F73FFEA8A8}.Debug|Any CPU.ActiveCfg = Debug|Any CPU
		{9957E8D5-B233-4987-BA21-80F73FFEA8A8}.Debug|Any CPU.Build.0 = Debug|Any CPU
		{9957E8D5-B233-4987-BA21-80F73FFEA8A8}.Release|Any CPU.ActiveCfg = Release|Any CPU
		{9957E8D5-B233-4987-BA21-80F73FFEA8A8}.Release|Any CPU.Build.0 = Release|Any CPU
		{A6178376-E705-4A3F-B3F6-FD76979F6E0D}.Debug|Any CPU.ActiveCfg = Debug|Any CPU
		{A6178376-E705-4A3F-B3F6-FD76979F6E0D}.Debug|Any CPU.Build.0 = Debug|Any CPU
		{A6178376-E705-4A3F-B3F6-FD76979F6E0D}.Release|Any CPU.ActiveCfg = Release|Any CPU
		{A6178376-E705-4A3F-B3F6-FD76979F6E0D}.Release|Any CPU.Build.0 = Release|Any CPU
		{F3AD3EE8-4888-43BC-8DAC-83742C15DCCF}.Debug|Any CPU.ActiveCfg = Debug|Any CPU
		{F3AD3EE8-4888-43BC-8DAC-83742C15DCCF}.Debug|Any CPU.Build.0 = Debug|Any CPU
		{F3AD3EE8-4888-43BC-8DAC-83742C15DCCF}.Release|Any CPU.ActiveCfg = Release|Any CPU
		{F3AD3EE8-4888-43BC-8DAC-83742C15DCCF}.Release|Any CPU.Build.0 = Release|Any CPU
		{2843A130-EECC-4BCA-9C82-2BB2E3D61D8C}.Debug|Any CPU.ActiveCfg = Debug|Any CPU
		{2843A130-EECC-4BCA-9C82-2BB2E3D61D8C}.Debug|Any CPU.Build.0 = Debug|Any CPU
		{2843A130-EECC-4BCA-9C82-2BB2E3D61D8C}.Release|Any CPU.ActiveCfg = Release|Any CPU
		{2843A130-EECC-4BCA-9C82-2BB2E3D61D8C}.Release|Any CPU.Build.0 = Release|Any CPU
		{86CF0A59-BDF1-4C9C-B1CA-48F852663EF2}.Debug|Any CPU.ActiveCfg = Debug|Any CPU
		{86CF0A59-BDF1-4C9C-B1CA-48F852663EF2}.Debug|Any CPU.Build.0 = Debug|Any CPU
		{86CF0A59-BDF1-4C9C-B1CA-48F852663EF2}.Release|Any CPU.ActiveCfg = Release|Any CPU
		{86CF0A59-BDF1-4C9C-B1CA-48F852663EF2}.Release|Any CPU.Build.0 = Release|Any CPU
		{5869F9AC-926E-4EE6-9517-041FFACB80E0}.Debug|Any CPU.ActiveCfg = Debug|Any CPU
		{5869F9AC-926E-4EE6-9517-041FFACB80E0}.Debug|Any CPU.Build.0 = Debug|Any CPU
		{5869F9AC-926E-4EE6-9517-041FFACB80E0}.Release|Any CPU.ActiveCfg = Release|Any CPU
		{5869F9AC-926E-4EE6-9517-041FFACB80E0}.Release|Any CPU.Build.0 = Release|Any CPU
		{2EC99CE0-F7E9-4ACD-9C69-9AB2F5E30FBE}.Debug|Any CPU.ActiveCfg = Debug|Any CPU
		{2EC99CE0-F7E9-4ACD-9C69-9AB2F5E30FBE}.Debug|Any CPU.Build.0 = Debug|Any CPU
		{2EC99CE0-F7E9-4ACD-9C69-9AB2F5E30FBE}.Release|Any CPU.ActiveCfg = Release|Any CPU
		{2EC99CE0-F7E9-4ACD-9C69-9AB2F5E30FBE}.Release|Any CPU.Build.0 = Release|Any CPU
		{6972B880-76A6-45D0-B7A9-7BDDCB0BB908}.Debug|Any CPU.ActiveCfg = Debug|Any CPU
		{6972B880-76A6-45D0-B7A9-7BDDCB0BB908}.Debug|Any CPU.Build.0 = Debug|Any CPU
		{6972B880-76A6-45D0-B7A9-7BDDCB0BB908}.Release|Any CPU.ActiveCfg = Release|Any CPU
		{6972B880-76A6-45D0-B7A9-7BDDCB0BB908}.Release|Any CPU.Build.0 = Release|Any CPU
		{814E6B32-9DB7-45C8-89C7-D46820873A2F}.Debug|Any CPU.ActiveCfg = Debug|Any CPU
		{814E6B32-9DB7-45C8-89C7-D46820873A2F}.Debug|Any CPU.Build.0 = Debug|Any CPU
		{814E6B32-9DB7-45C8-89C7-D46820873A2F}.Release|Any CPU.ActiveCfg = Release|Any CPU
		{814E6B32-9DB7-45C8-89C7-D46820873A2F}.Release|Any CPU.Build.0 = Release|Any CPU
		{785200E0-1345-4830-BAAF-574AF90E76D3}.Debug|Any CPU.ActiveCfg = Debug|Any CPU
		{785200E0-1345-4830-BAAF-574AF90E76D3}.Debug|Any CPU.Build.0 = Debug|Any CPU
		{785200E0-1345-4830-BAAF-574AF90E76D3}.Release|Any CPU.ActiveCfg = Release|Any CPU
		{785200E0-1345-4830-BAAF-574AF90E76D3}.Release|Any CPU.Build.0 = Release|Any CPU
		{78576A3F-569A-49F7-A8E4-4D7A02778314}.Debug|Any CPU.ActiveCfg = Debug|Any CPU
		{78576A3F-569A-49F7-A8E4-4D7A02778314}.Debug|Any CPU.Build.0 = Debug|Any CPU
		{78576A3F-569A-49F7-A8E4-4D7A02778314}.Release|Any CPU.ActiveCfg = Release|Any CPU
		{78576A3F-569A-49F7-A8E4-4D7A02778314}.Release|Any CPU.Build.0 = Release|Any CPU
		{66649E68-EEA5-428A-98E1-6CF1830FBF96}.Debug|Any CPU.ActiveCfg = Debug|Any CPU
		{66649E68-EEA5-428A-98E1-6CF1830FBF96}.Debug|Any CPU.Build.0 = Debug|Any CPU
		{66649E68-EEA5-428A-98E1-6CF1830FBF96}.Release|Any CPU.ActiveCfg = Release|Any CPU
		{66649E68-EEA5-428A-98E1-6CF1830FBF96}.Release|Any CPU.Build.0 = Release|Any CPU
		{B9AB1D0C-06EE-4D60-8000-7685CE88367D}.Debug|Any CPU.ActiveCfg = Debug|Any CPU
		{B9AB1D0C-06EE-4D60-8000-7685CE88367D}.Debug|Any CPU.Build.0 = Debug|Any CPU
		{B9AB1D0C-06EE-4D60-8000-7685CE88367D}.Release|Any CPU.ActiveCfg = Release|Any CPU
		{B9AB1D0C-06EE-4D60-8000-7685CE88367D}.Release|Any CPU.Build.0 = Release|Any CPU
		{A5DE5B19-9D1B-430D-8C75-699431E36C3D}.Debug|Any CPU.ActiveCfg = Debug|Any CPU
		{A5DE5B19-9D1B-430D-8C75-699431E36C3D}.Debug|Any CPU.Build.0 = Debug|Any CPU
		{A5DE5B19-9D1B-430D-8C75-699431E36C3D}.Release|Any CPU.ActiveCfg = Release|Any CPU
		{A5DE5B19-9D1B-430D-8C75-699431E36C3D}.Release|Any CPU.Build.0 = Release|Any CPU
		{6AE734FC-1CF9-4BC8-9194-3E99210C6892}.Debug|Any CPU.ActiveCfg = Debug|Any CPU
		{6AE734FC-1CF9-4BC8-9194-3E99210C6892}.Debug|Any CPU.Build.0 = Debug|Any CPU
		{6AE734FC-1CF9-4BC8-9194-3E99210C6892}.Release|Any CPU.ActiveCfg = Release|Any CPU
		{6AE734FC-1CF9-4BC8-9194-3E99210C6892}.Release|Any CPU.Build.0 = Release|Any CPU
		{EE894C1A-9C58-4E7D-A7AD-EB7EC4BEB81E}.Debug|Any CPU.ActiveCfg = Debug|Any CPU
		{EE894C1A-9C58-4E7D-A7AD-EB7EC4BEB81E}.Debug|Any CPU.Build.0 = Debug|Any CPU
		{EE894C1A-9C58-4E7D-A7AD-EB7EC4BEB81E}.Release|Any CPU.ActiveCfg = Release|Any CPU
		{EE894C1A-9C58-4E7D-A7AD-EB7EC4BEB81E}.Release|Any CPU.Build.0 = Release|Any CPU
		{548C8EEE-091F-4831-B9A5-7D5C33E92A1C}.Debug|Any CPU.ActiveCfg = Debug|Any CPU
		{548C8EEE-091F-4831-B9A5-7D5C33E92A1C}.Debug|Any CPU.Build.0 = Debug|Any CPU
		{548C8EEE-091F-4831-B9A5-7D5C33E92A1C}.Release|Any CPU.ActiveCfg = Release|Any CPU
		{548C8EEE-091F-4831-B9A5-7D5C33E92A1C}.Release|Any CPU.Build.0 = Release|Any CPU
		{59F982E4-A284-469F-BDF1-633881860EAE}.Debug|Any CPU.ActiveCfg = Debug|Any CPU
		{59F982E4-A284-469F-BDF1-633881860EAE}.Debug|Any CPU.Build.0 = Debug|Any CPU
		{59F982E4-A284-469F-BDF1-633881860EAE}.Release|Any CPU.ActiveCfg = Release|Any CPU
		{59F982E4-A284-469F-BDF1-633881860EAE}.Release|Any CPU.Build.0 = Release|Any CPU
		{7E7A048D-F876-450E-B062-4D56F379F178}.Debug|Any CPU.ActiveCfg = Debug|Any CPU
		{7E7A048D-F876-450E-B062-4D56F379F178}.Debug|Any CPU.Build.0 = Debug|Any CPU
		{7E7A048D-F876-450E-B062-4D56F379F178}.Release|Any CPU.ActiveCfg = Release|Any CPU
		{7E7A048D-F876-450E-B062-4D56F379F178}.Release|Any CPU.Build.0 = Release|Any CPU
		{2DF8CF4A-1EF5-4D9F-9AE2-538BFFDB0E8B}.Debug|Any CPU.ActiveCfg = Debug|Any CPU
		{2DF8CF4A-1EF5-4D9F-9AE2-538BFFDB0E8B}.Debug|Any CPU.Build.0 = Debug|Any CPU
		{2DF8CF4A-1EF5-4D9F-9AE2-538BFFDB0E8B}.Release|Any CPU.ActiveCfg = Release|Any CPU
		{2DF8CF4A-1EF5-4D9F-9AE2-538BFFDB0E8B}.Release|Any CPU.Build.0 = Release|Any CPU
		{8786924A-353A-4F23-A79F-EB0E641630D9}.Debug|Any CPU.ActiveCfg = Debug|Any CPU
		{8786924A-353A-4F23-A79F-EB0E641630D9}.Debug|Any CPU.Build.0 = Debug|Any CPU
		{8786924A-353A-4F23-A79F-EB0E641630D9}.Release|Any CPU.ActiveCfg = Release|Any CPU
		{8786924A-353A-4F23-A79F-EB0E641630D9}.Release|Any CPU.Build.0 = Release|Any CPU
		{FD5F6428-6059-42EF-AC2C-D1D02BB70BA3}.Debug|Any CPU.ActiveCfg = Debug|Any CPU
		{FD5F6428-6059-42EF-AC2C-D1D02BB70BA3}.Debug|Any CPU.Build.0 = Debug|Any CPU
		{FD5F6428-6059-42EF-AC2C-D1D02BB70BA3}.Release|Any CPU.ActiveCfg = Release|Any CPU
		{FD5F6428-6059-42EF-AC2C-D1D02BB70BA3}.Release|Any CPU.Build.0 = Release|Any CPU
		{2C8BC55B-C0F0-48B8-B1D8-66B6A0A73165}.Debug|Any CPU.ActiveCfg = Debug|Any CPU
		{2C8BC55B-C0F0-48B8-B1D8-66B6A0A73165}.Debug|Any CPU.Build.0 = Debug|Any CPU
		{2C8BC55B-C0F0-48B8-B1D8-66B6A0A73165}.Release|Any CPU.ActiveCfg = Release|Any CPU
		{2C8BC55B-C0F0-48B8-B1D8-66B6A0A73165}.Release|Any CPU.Build.0 = Release|Any CPU
		{F46B44F6-CB03-401F-B364-466B2E78121C}.Debug|Any CPU.ActiveCfg = Debug|Any CPU
		{F46B44F6-CB03-401F-B364-466B2E78121C}.Debug|Any CPU.Build.0 = Debug|Any CPU
		{F46B44F6-CB03-401F-B364-466B2E78121C}.Release|Any CPU.ActiveCfg = Release|Any CPU
		{F46B44F6-CB03-401F-B364-466B2E78121C}.Release|Any CPU.Build.0 = Release|Any CPU
		{BC9D861C-7D43-4F56-AD07-5AC77BFD7CE5}.Debug|Any CPU.ActiveCfg = Debug|Any CPU
		{BC9D861C-7D43-4F56-AD07-5AC77BFD7CE5}.Debug|Any CPU.Build.0 = Debug|Any CPU
		{BC9D861C-7D43-4F56-AD07-5AC77BFD7CE5}.Release|Any CPU.ActiveCfg = Release|Any CPU
		{BC9D861C-7D43-4F56-AD07-5AC77BFD7CE5}.Release|Any CPU.Build.0 = Release|Any CPU
		{34A40235-939E-47B2-B29D-2BE6597D1DFE}.Debug|Any CPU.ActiveCfg = Debug|Any CPU
		{34A40235-939E-47B2-B29D-2BE6597D1DFE}.Debug|Any CPU.Build.0 = Debug|Any CPU
		{34A40235-939E-47B2-B29D-2BE6597D1DFE}.Release|Any CPU.ActiveCfg = Release|Any CPU
		{34A40235-939E-47B2-B29D-2BE6597D1DFE}.Release|Any CPU.Build.0 = Release|Any CPU
		{16CBA2D1-3AD0-4159-A5B9-0D775FCB586B}.Debug|Any CPU.ActiveCfg = Debug|Any CPU
		{16CBA2D1-3AD0-4159-A5B9-0D775FCB586B}.Debug|Any CPU.Build.0 = Debug|Any CPU
		{16CBA2D1-3AD0-4159-A5B9-0D775FCB586B}.Release|Any CPU.ActiveCfg = Release|Any CPU
		{16CBA2D1-3AD0-4159-A5B9-0D775FCB586B}.Release|Any CPU.Build.0 = Release|Any CPU
	EndGlobalSection
	GlobalSection(SolutionProperties) = preSolution
		HideSolutionNode = FALSE
	EndGlobalSection
	GlobalSection(NestedProjects) = preSolution
		{4CA34E08-F32B-4049-98C9-3E3F5A1FAE84} = {64001B6F-0AFC-4A0B-824B-4498748146E4}
		{9957E8D5-B233-4987-BA21-80F73FFEA8A8} = {4CA34E08-F32B-4049-98C9-3E3F5A1FAE84}
		{D040CE67-1F4B-4C65-88CA-03679E649BD6} = {64001B6F-0AFC-4A0B-824B-4498748146E4}
		{A6178376-E705-4A3F-B3F6-FD76979F6E0D} = {D040CE67-1F4B-4C65-88CA-03679E649BD6}
		{CBE7AB12-3F2D-45A0-A078-B5B86D285ECF} = {64001B6F-0AFC-4A0B-824B-4498748146E4}
		{F3AD3EE8-4888-43BC-8DAC-83742C15DCCF} = {CBE7AB12-3F2D-45A0-A078-B5B86D285ECF}
		{6B326568-D100-41AD-BFC2-88F956AB6293} = {64001B6F-0AFC-4A0B-824B-4498748146E4}
		{2843A130-EECC-4BCA-9C82-2BB2E3D61D8C} = {6B326568-D100-41AD-BFC2-88F956AB6293}
		{86CF0A59-BDF1-4C9C-B1CA-48F852663EF2} = {BF6C506E-9F7E-4B99-9D3E-CC8BB3D1F348}
		{5869F9AC-926E-4EE6-9517-041FFACB80E0} = {4CA34E08-F32B-4049-98C9-3E3F5A1FAE84}
		{60047037-9C3C-4AC7-B2FB-CAE4D3EE417B} = {64001B6F-0AFC-4A0B-824B-4498748146E4}
		{02EAF0E3-000C-4FCF-8AE5-778555F5DF4E} = {64001B6F-0AFC-4A0B-824B-4498748146E4}
		{2EC99CE0-F7E9-4ACD-9C69-9AB2F5E30FBE} = {02EAF0E3-000C-4FCF-8AE5-778555F5DF4E}
		{6972B880-76A6-45D0-B7A9-7BDDCB0BB908} = {0DCF11C4-91E4-4CB8-8B28-C8FF3910EAC2}
		{814E6B32-9DB7-45C8-89C7-D46820873A2F} = {6B326568-D100-41AD-BFC2-88F956AB6293}
		{0DCF11C4-91E4-4CB8-8B28-C8FF3910EAC2} = {4CA34E08-F32B-4049-98C9-3E3F5A1FAE84}
		{785200E0-1345-4830-BAAF-574AF90E76D3} = {4CA34E08-F32B-4049-98C9-3E3F5A1FAE84}
		{78576A3F-569A-49F7-A8E4-4D7A02778314} = {CBE7AB12-3F2D-45A0-A078-B5B86D285ECF}
		{BF6C506E-9F7E-4B99-9D3E-CC8BB3D1F348} = {4CA34E08-F32B-4049-98C9-3E3F5A1FAE84}
		{66649E68-EEA5-428A-98E1-6CF1830FBF96} = {0DCF11C4-91E4-4CB8-8B28-C8FF3910EAC2}
		{B9AB1D0C-06EE-4D60-8000-7685CE88367D} = {2771A101-28D0-487A-B68F-7C5D135A6657}
		{A5DE5B19-9D1B-430D-8C75-699431E36C3D} = {02EAF0E3-000C-4FCF-8AE5-778555F5DF4E}
		{85131D9C-58CE-455B-8EF1-772BBD9036F7} = {4CA34E08-F32B-4049-98C9-3E3F5A1FAE84}
		{6AE734FC-1CF9-4BC8-9194-3E99210C6892} = {85131D9C-58CE-455B-8EF1-772BBD9036F7}
		{EE894C1A-9C58-4E7D-A7AD-EB7EC4BEB81E} = {CBE7AB12-3F2D-45A0-A078-B5B86D285ECF}
		{548C8EEE-091F-4831-B9A5-7D5C33E92A1C} = {6B326568-D100-41AD-BFC2-88F956AB6293}
		{59F982E4-A284-469F-BDF1-633881860EAE} = {6B326568-D100-41AD-BFC2-88F956AB6293}
		{1FDBCD90-0396-460F-A8E5-F86ABBBEF1D0} = {64001B6F-0AFC-4A0B-824B-4498748146E4}
		{7E7A048D-F876-450E-B062-4D56F379F178} = {1FDBCD90-0396-460F-A8E5-F86ABBBEF1D0}
		{2DF8CF4A-1EF5-4D9F-9AE2-538BFFDB0E8B} = {1FDBCD90-0396-460F-A8E5-F86ABBBEF1D0}
		{1AEFCEFE-C758-4377-83D4-6DE4E6640CB4} = {4CA34E08-F32B-4049-98C9-3E3F5A1FAE84}
		{8786924A-353A-4F23-A79F-EB0E641630D9} = {1AEFCEFE-C758-4377-83D4-6DE4E6640CB4}
		{FAC12381-3249-4D3F-8A2C-88549F80EE61} = {64001B6F-0AFC-4A0B-824B-4498748146E4}
		{FD5F6428-6059-42EF-AC2C-D1D02BB70BA3} = {FAC12381-3249-4D3F-8A2C-88549F80EE61}
		{2C8BC55B-C0F0-48B8-B1D8-66B6A0A73165} = {FAC12381-3249-4D3F-8A2C-88549F80EE61}
		{F46B44F6-CB03-401F-B364-466B2E78121C} = {6B326568-D100-41AD-BFC2-88F956AB6293}
		{BC9D861C-7D43-4F56-AD07-5AC77BFD7CE5} = {BF6C506E-9F7E-4B99-9D3E-CC8BB3D1F348}
		{34A40235-939E-47B2-B29D-2BE6597D1DFE} = {02EAF0E3-000C-4FCF-8AE5-778555F5DF4E}
		{16CBA2D1-3AD0-4159-A5B9-0D775FCB586B} = {FAC12381-3249-4D3F-8A2C-88549F80EE61}
	EndGlobalSection
	GlobalSection(ExtensibilityGlobals) = postSolution
		SolutionGuid = {5334E18B-E39C-4312-9D2B-0DE05C738CF4}
	EndGlobalSection
EndGlobal
